
Microsoft Visual Studio Solution File, Format Version 12.00
# Visual Studio Version 17
VisualStudioVersion = 17.3.32819.101
MinimumVisualStudioVersion = 10.0.40219.1
Project("{8BC9CEB8-8B4A-11D0-8D11-00A0C91BC942}") = "ADT SortedSet DLLA", "ADT SortedSet DLLA.vcxproj", "{5E473A07-CB21-4639-B0CB-829E5EBCDE1A}"
EndProject
Global
	GlobalSection(SolutionConfigurationPlatforms) = preSolution
		Debug|x64 = Debug|x64
		Debug|x86 = Debug|x86
		Release|x64 = Release|x64
		Release|x86 = Release|x86
	EndGlobalSection
	GlobalSection(ProjectConfigurationPlatforms) = postSolution
		{5E473A07-CB21-4639-B0CB-829E5EBCDE1A}.Debug|x64.ActiveCfg = Debug|x64
		{5E473A07-CB21-4639-B0CB-829E5EBCDE1A}.Debug|x64.Build.0 = Debug|x64
		{5E473A07-CB21-4639-B0CB-829E5EBCDE1A}.Debug|x86.ActiveCfg = Debug|Win32
		{5E473A07-CB21-4639-B0CB-829E5EBCDE1A}.Debug|x86.Build.0 = Debug|Win32
		{5E473A07-CB21-4639-B0CB-829E5EBCDE1A}.Release|x64.ActiveCfg = Release|x64
		{5E473A07-CB21-4639-B0CB-829E5EBCDE1A}.Release|x64.Build.0 = Release|x64
		{5E473A07-CB21-4639-B0CB-829E5EBCDE1A}.Release|x86.ActiveCfg = Release|Win32
		{5E473A07-CB21-4639-B0CB-829E5EBCDE1A}.Release|x86.Build.0 = Release|Win32
	EndGlobalSection
	GlobalSection(SolutionProperties) = preSolution
		HideSolutionNode = FALSE
	EndGlobalSection
	GlobalSection(ExtensibilityGlobals) = postSolution
		SolutionGuid = {9D20918D-E1DE-4D28-864B-D17A560DD6C7}
	EndGlobalSection
EndGlobal
