
Microsoft Visual Studio Solution File, Format Version 12.00
# Visual Studio Version 17
VisualStudioVersion = 17.3.32819.101
MinimumVisualStudioVersion = 10.0.40219.1
Project("{8BC9CEB8-8B4A-11D0-8D11-00A0C91BC942}") = "ADT SortedBag DynamicArray", "ADT SortedBag DynamicArray.vcxproj", "{6BAA40B9-2E78-4395-9432-AFA05BB8B83D}"
EndProject
Global
	GlobalSection(SolutionConfigurationPlatforms) = preSolution
		Debug|x64 = Debug|x64
		Debug|x86 = Debug|x86
		Release|x64 = Release|x64
		Release|x86 = Release|x86
	EndGlobalSection
	GlobalSection(ProjectConfigurationPlatforms) = postSolution
		{6BAA40B9-2E78-4395-9432-AFA05BB8B83D}.Debug|x64.ActiveCfg = Debug|x64
		{6BAA40B9-2E78-4395-9432-AFA05BB8B83D}.Debug|x64.Build.0 = Debug|x64
		{6BAA40B9-2E78-4395-9432-AFA05BB8B83D}.Debug|x86.ActiveCfg = Debug|Win32
		{6BAA40B9-2E78-4395-9432-AFA05BB8B83D}.Debug|x86.Build.0 = Debug|Win32
		{6BAA40B9-2E78-4395-9432-AFA05BB8B83D}.Release|x64.ActiveCfg = Release|x64
		{6BAA40B9-2E78-4395-9432-AFA05BB8B83D}.Release|x64.Build.0 = Release|x64
		{6BAA40B9-2E78-4395-9432-AFA05BB8B83D}.Release|x86.ActiveCfg = Release|Win32
		{6BAA40B9-2E78-4395-9432-AFA05BB8B83D}.Release|x86.Build.0 = Release|Win32
	EndGlobalSection
	GlobalSection(SolutionProperties) = preSolution
		HideSolutionNode = FALSE
	EndGlobalSection
	GlobalSection(ExtensibilityGlobals) = postSolution
		SolutionGuid = {32F682FE-8271-4007-B392-84C91C9B0BD5}
	EndGlobalSection
EndGlobal
